// !$*UTF8*$!
{
	archiveVersion = 1;
	classes = {
	};
	objectVersion = 50;
	objects = {

/* Begin PBXBuildFile section */
		1167D93F267B6755004ABDC7 /* AppDelegate.swift in Sources */ = {isa = PBXBuildFile; fileRef = 1167D93E267B6755004ABDC7 /* AppDelegate.swift */; };
		1167D941267B6755004ABDC7 /* SceneDelegate.swift in Sources */ = {isa = PBXBuildFile; fileRef = 1167D940267B6755004ABDC7 /* SceneDelegate.swift */; };
		1167D943267B6755004ABDC7 /* ViewController.swift in Sources */ = {isa = PBXBuildFile; fileRef = 1167D942267B6755004ABDC7 /* ViewController.swift */; };
		1167D946267B6755004ABDC7 /* Main.storyboard in Resources */ = {isa = PBXBuildFile; fileRef = 1167D944267B6755004ABDC7 /* Main.storyboard */; };
		1167D948267B6757004ABDC7 /* Assets.xcassets in Resources */ = {isa = PBXBuildFile; fileRef = 1167D947267B6757004ABDC7 /* Assets.xcassets */; };
		1167D94B267B6757004ABDC7 /* LaunchScreen.storyboard in Resources */ = {isa = PBXBuildFile; fileRef = 1167D949267B6757004ABDC7 /* LaunchScreen.storyboard */; };
		1167D953267B67BD004ABDC7 /* Session.swift in Sources */ = {isa = PBXBuildFile; fileRef = 1167D952267B67BD004ABDC7 /* Session.swift */; };
/* End PBXBuildFile section */

/* Begin PBXFileReference section */
		1167D93B267B6755004ABDC7 /* Client-server-iOS-app.app */ = {isa = PBXFileReference; explicitFileType = wrapper.application; includeInIndex = 0; path = "Client-server-iOS-app.app"; sourceTree = BUILT_PRODUCTS_DIR; };
		1167D93E267B6755004ABDC7 /* AppDelegate.swift */ = {isa = PBXFileReference; lastKnownFileType = sourcecode.swift; path = AppDelegate.swift; sourceTree = "<group>"; };
		1167D940267B6755004ABDC7 /* SceneDelegate.swift */ = {isa = PBXFileReference; lastKnownFileType = sourcecode.swift; path = SceneDelegate.swift; sourceTree = "<group>"; };
		1167D942267B6755004ABDC7 /* ViewController.swift */ = {isa = PBXFileReference; lastKnownFileType = sourcecode.swift; path = ViewController.swift; sourceTree = "<group>"; };
		1167D945267B6755004ABDC7 /* Base */ = {isa = PBXFileReference; lastKnownFileType = file.storyboard; name = Base; path = Base.lproj/Main.storyboard; sourceTree = "<group>"; };
		1167D947267B6757004ABDC7 /* Assets.xcassets */ = {isa = PBXFileReference; lastKnownFileType = folder.assetcatalog; path = Assets.xcassets; sourceTree = "<group>"; };
		1167D94A267B6757004ABDC7 /* Base */ = {isa = PBXFileReference; lastKnownFileType = file.storyboard; name = Base; path = Base.lproj/LaunchScreen.storyboard; sourceTree = "<group>"; };
		1167D94C267B6757004ABDC7 /* Info.plist */ = {isa = PBXFileReference; lastKnownFileType = text.plist.xml; path = Info.plist; sourceTree = "<group>"; };
		1167D952267B67BD004ABDC7 /* Session.swift */ = {isa = PBXFileReference; lastKnownFileType = sourcecode.swift; path = Session.swift; sourceTree = "<group>"; };
/* End PBXFileReference section */

/* Begin PBXFrameworksBuildPhase section */
		1167D938267B6755004ABDC7 /* Frameworks */ = {
			isa = PBXFrameworksBuildPhase;
			buildActionMask = 2147483647;
			files = (
			);
			runOnlyForDeploymentPostprocessing = 0;
		};
/* End PBXFrameworksBuildPhase section */

/* Begin PBXGroup section */
		1167D932267B6755004ABDC7 = {
			isa = PBXGroup;
			children = (
				1167D93D267B6755004ABDC7 /* Client-server-iOS-app */,
				1167D93C267B6755004ABDC7 /* Products */,
			);
			sourceTree = "<group>";
		};
		1167D93C267B6755004ABDC7 /* Products */ = {
			isa = PBXGroup;
			children = (
				1167D93B267B6755004ABDC7 /* Client-server-iOS-app.app */,
			);
			name = Products;
			sourceTree = "<group>";
		};
		1167D93D267B6755004ABDC7 /* Client-server-iOS-app */ = {
			isa = PBXGroup;
			children = (
				1167D944267B6755004ABDC7 /* Main.storyboard */,
				1167D93E267B6755004ABDC7 /* AppDelegate.swift */,
				1167D940267B6755004ABDC7 /* SceneDelegate.swift */,
				1167D956267B7A6E004ABDC7 /* Singleton */,
				1167D955267B7A3E004ABDC7 /* Model */,
				1167D954267B7A00004ABDC7 /* ViewControllers */,
				1167D957267B7A89004ABDC7 /* Resourses */,
			);
			path = "Client-server-iOS-app";
			sourceTree = "<group>";
		};
		1167D954267B7A00004ABDC7 /* ViewControllers */ = {
			isa = PBXGroup;
			children = (
				1167D942267B6755004ABDC7 /* ViewController.swift */,
			);
			path = ViewControllers;
			sourceTree = "<group>";
		};
		1167D955267B7A3E004ABDC7 /* Model */ = {
			isa = PBXGroup;
			children = (
			);
			path = Model;
			sourceTree = "<group>";
		};
		1167D956267B7A6E004ABDC7 /* Singleton */ = {
			isa = PBXGroup;
			children = (
				1167D952267B67BD004ABDC7 /* Session.swift */,
			);
			path = Singleton;
			sourceTree = "<group>";
		};
		1167D957267B7A89004ABDC7 /* Resourses */ = {
			isa = PBXGroup;
			children = (
				1167D947267B6757004ABDC7 /* Assets.xcassets */,
				1167D949267B6757004ABDC7 /* LaunchScreen.storyboard */,
				1167D94C267B6757004ABDC7 /* Info.plist */,
			);
			path = Resourses;
			sourceTree = "<group>";
		};
/* End PBXGroup section */

/* Begin PBXNativeTarget section */
		1167D93A267B6755004ABDC7 /* Client-server-iOS-app */ = {
			isa = PBXNativeTarget;
			buildConfigurationList = 1167D94F267B6757004ABDC7 /* Build configuration list for PBXNativeTarget "Client-server-iOS-app" */;
			buildPhases = (
				1167D937267B6755004ABDC7 /* Sources */,
				1167D938267B6755004ABDC7 /* Frameworks */,
				1167D939267B6755004ABDC7 /* Resources */,
			);
			buildRules = (
			);
			dependencies = (
			);
			name = "Client-server-iOS-app";
			productName = "Client-server-iOS-app";
			productReference = 1167D93B267B6755004ABDC7 /* Client-server-iOS-app.app */;
			productType = "com.apple.product-type.application";
		};
/* End PBXNativeTarget section */

/* Begin PBXProject section */
		1167D933267B6755004ABDC7 /* Project object */ = {
			isa = PBXProject;
			attributes = {
				LastSwiftUpdateCheck = 1250;
				LastUpgradeCheck = 1250;
				TargetAttributes = {
					1167D93A267B6755004ABDC7 = {
						CreatedOnToolsVersion = 12.5;
					};
				};
			};
			buildConfigurationList = 1167D936267B6755004ABDC7 /* Build configuration list for PBXProject "Client-server-iOS-app" */;
			compatibilityVersion = "Xcode 9.3";
			developmentRegion = en;
			hasScannedForEncodings = 0;
			knownRegions = (
				en,
				Base,
			);
			mainGroup = 1167D932267B6755004ABDC7;
			productRefGroup = 1167D93C267B6755004ABDC7 /* Products */;
			projectDirPath = "";
			projectRoot = "";
			targets = (
				1167D93A267B6755004ABDC7 /* Client-server-iOS-app */,
			);
		};
/* End PBXProject section */

/* Begin PBXResourcesBuildPhase section */
		1167D939267B6755004ABDC7 /* Resources */ = {
			isa = PBXResourcesBuildPhase;
			buildActionMask = 2147483647;
			files = (
				1167D94B267B6757004ABDC7 /* LaunchScreen.storyboard in Resources */,
				1167D948267B6757004ABDC7 /* Assets.xcassets in Resources */,
				1167D946267B6755004ABDC7 /* Main.storyboard in Resources */,
			);
			runOnlyForDeploymentPostprocessing = 0;
		};
/* End PBXResourcesBuildPhase section */

/* Begin PBXSourcesBuildPhase section */
		1167D937267B6755004ABDC7 /* Sources */ = {
			isa = PBXSourcesBuildPhase;
			buildActionMask = 2147483647;
			files = (
				1167D953267B67BD004ABDC7 /* Session.swift in Sources */,
				1167D943267B6755004ABDC7 /* ViewController.swift in Sources */,
				1167D93F267B6755004ABDC7 /* AppDelegate.swift in Sources */,
				1167D941267B6755004ABDC7 /* SceneDelegate.swift in Sources */,
			);
			runOnlyForDeploymentPostprocessing = 0;
		};
/* End PBXSourcesBuildPhase section */

/* Begin PBXVariantGroup section */
		1167D944267B6755004ABDC7 /* Main.storyboard */ = {
			isa = PBXVariantGroup;
			children = (
				1167D945267B6755004ABDC7 /* Base */,
			);
			name = Main.storyboard;
			sourceTree = "<group>";
		};
		1167D949267B6757004ABDC7 /* LaunchScreen.storyboard */ = {
			isa = PBXVariantGroup;
			children = (
				1167D94A267B6757004ABDC7 /* Base */,
			);
			name = LaunchScreen.storyboard;
			sourceTree = "<group>";
		};
/* End PBXVariantGroup section */

/* Begin XCBuildConfiguration section */
		1167D94D267B6757004ABDC7 /* Debug */ = {
			isa = XCBuildConfiguration;
			buildSettings = {
				ALWAYS_SEARCH_USER_PATHS = NO;
				CLANG_ANALYZER_NONNULL = YES;
				CLANG_ANALYZER_NUMBER_OBJECT_CONVERSION = YES_AGGRESSIVE;
				CLANG_CXX_LANGUAGE_STANDARD = "gnu++14";
				CLANG_CXX_LIBRARY = "libc++";
				CLANG_ENABLE_MODULES = YES;
				CLANG_ENABLE_OBJC_ARC = YES;
				CLANG_ENABLE_OBJC_WEAK = YES;
				CLANG_WARN_BLOCK_CAPTURE_AUTORELEASING = YES;
				CLANG_WARN_BOOL_CONVERSION = YES;
				CLANG_WARN_COMMA = YES;
				CLANG_WARN_CONSTANT_CONVERSION = YES;
				CLANG_WARN_DEPRECATED_OBJC_IMPLEMENTATIONS = YES;
				CLANG_WARN_DIRECT_OBJC_ISA_USAGE = YES_ERROR;
				CLANG_WARN_DOCUMENTATION_COMMENTS = YES;
				CLANG_WARN_EMPTY_BODY = YES;
				CLANG_WARN_ENUM_CONVERSION = YES;
				CLANG_WARN_INFINITE_RECURSION = YES;
				CLANG_WARN_INT_CONVERSION = YES;
				CLANG_WARN_NON_LITERAL_NULL_CONVERSION = YES;
				CLANG_WARN_OBJC_IMPLICIT_RETAIN_SELF = YES;
				CLANG_WARN_OBJC_LITERAL_CONVERSION = YES;
				CLANG_WARN_OBJC_ROOT_CLASS = YES_ERROR;
				CLANG_WARN_QUOTED_INCLUDE_IN_FRAMEWORK_HEADER = YES;
				CLANG_WARN_RANGE_LOOP_ANALYSIS = YES;
				CLANG_WARN_STRICT_PROTOTYPES = YES;
				CLANG_WARN_SUSPICIOUS_MOVE = YES;
				CLANG_WARN_UNGUARDED_AVAILABILITY = YES_AGGRESSIVE;
				CLANG_WARN_UNREACHABLE_CODE = YES;
				CLANG_WARN__DUPLICATE_METHOD_MATCH = YES;
				COPY_PHASE_STRIP = NO;
				DEBUG_INFORMATION_FORMAT = dwarf;
				ENABLE_STRICT_OBJC_MSGSEND = YES;
				ENABLE_TESTABILITY = YES;
				GCC_C_LANGUAGE_STANDARD = gnu11;
				GCC_DYNAMIC_NO_PIC = NO;
				GCC_NO_COMMON_BLOCKS = YES;
				GCC_OPTIMIZATION_LEVEL = 0;
				GCC_PREPROCESSOR_DEFINITIONS = (
					"DEBUG=1",
					"$(inherited)",
				);
				GCC_WARN_64_TO_32_BIT_CONVERSION = YES;
				GCC_WARN_ABOUT_RETURN_TYPE = YES_ERROR;
				GCC_WARN_UNDECLARED_SELECTOR = YES;
				GCC_WARN_UNINITIALIZED_AUTOS = YES_AGGRESSIVE;
				GCC_WARN_UNUSED_FUNCTION = YES;
				GCC_WARN_UNUSED_VARIABLE = YES;
				IPHONEOS_DEPLOYMENT_TARGET = 14.5;
				MTL_ENABLE_DEBUG_INFO = INCLUDE_SOURCE;
				MTL_FAST_MATH = YES;
				ONLY_ACTIVE_ARCH = YES;
				SDKROOT = iphoneos;
				SWIFT_ACTIVE_COMPILATION_CONDITIONS = DEBUG;
				SWIFT_OPTIMIZATION_LEVEL = "-Onone";
			};
			name = Debug;
		};
		1167D94E267B6757004ABDC7 /* Release */ = {
			isa = XCBuildConfiguration;
			buildSettings = {
				ALWAYS_SEARCH_USER_PATHS = NO;
				CLANG_ANALYZER_NONNULL = YES;
				CLANG_ANALYZER_NUMBER_OBJECT_CONVERSION = YES_AGGRESSIVE;
				CLANG_CXX_LANGUAGE_STANDARD = "gnu++14";
				CLANG_CXX_LIBRARY = "libc++";
				CLANG_ENABLE_MODULES = YES;
				CLANG_ENABLE_OBJC_ARC = YES;
				CLANG_ENABLE_OBJC_WEAK = YES;
				CLANG_WARN_BLOCK_CAPTURE_AUTORELEASING = YES;
				CLANG_WARN_BOOL_CONVERSION = YES;
				CLANG_WARN_COMMA = YES;
				CLANG_WARN_CONSTANT_CONVERSION = YES;
				CLANG_WARN_DEPRECATED_OBJC_IMPLEMENTATIONS = YES;
				CLANG_WARN_DIRECT_OBJC_ISA_USAGE = YES_ERROR;
				CLANG_WARN_DOCUMENTATION_COMMENTS = YES;
				CLANG_WARN_EMPTY_BODY = YES;
				CLANG_WARN_ENUM_CONVERSION = YES;
				CLANG_WARN_INFINITE_RECURSION = YES;
				CLANG_WARN_INT_CONVERSION = YES;
				CLANG_WARN_NON_LITERAL_NULL_CONVERSION = YES;
				CLANG_WARN_OBJC_IMPLICIT_RETAIN_SELF = YES;
				CLANG_WARN_OBJC_LITERAL_CONVERSION = YES;
				CLANG_WARN_OBJC_ROOT_CLASS = YES_ERROR;
				CLANG_WARN_QUOTED_INCLUDE_IN_FRAMEWORK_HEADER = YES;
				CLANG_WARN_RANGE_LOOP_ANALYSIS = YES;
				CLANG_WARN_STRICT_PROTOTYPES = YES;
				CLANG_WARN_SUSPICIOUS_MOVE = YES;
				CLANG_WARN_UNGUARDED_AVAILABILITY = YES_AGGRESSIVE;
				CLANG_WARN_UNREACHABLE_CODE = YES;
				CLANG_WARN__DUPLICATE_METHOD_MATCH = YES;
				COPY_PHASE_STRIP = NO;
				DEBUG_INFORMATION_FORMAT = "dwarf-with-dsym";
				ENABLE_NS_ASSERTIONS = NO;
				ENABLE_STRICT_OBJC_MSGSEND = YES;
				GCC_C_LANGUAGE_STANDARD = gnu11;
				GCC_NO_COMMON_BLOCKS = YES;
				GCC_WARN_64_TO_32_BIT_CONVERSION = YES;
				GCC_WARN_ABOUT_RETURN_TYPE = YES_ERROR;
				GCC_WARN_UNDECLARED_SELECTOR = YES;
				GCC_WARN_UNINITIALIZED_AUTOS = YES_AGGRESSIVE;
				GCC_WARN_UNUSED_FUNCTION = YES;
				GCC_WARN_UNUSED_VARIABLE = YES;
				IPHONEOS_DEPLOYMENT_TARGET = 14.5;
				MTL_ENABLE_DEBUG_INFO = NO;
				MTL_FAST_MATH = YES;
				SDKROOT = iphoneos;
				SWIFT_COMPILATION_MODE = wholemodule;
				SWIFT_OPTIMIZATION_LEVEL = "-O";
				VALIDATE_PRODUCT = YES;
			};
			name = Release;
		};
		1167D950267B6757004ABDC7 /* Debug */ = {
			isa = XCBuildConfiguration;
			buildSettings = {
				ASSETCATALOG_COMPILER_APPICON_NAME = AppIcon;
				ASSETCATALOG_COMPILER_GLOBAL_ACCENT_COLOR_NAME = AccentColor;
				CODE_SIGN_STYLE = Automatic;
				INFOPLIST_FILE = "Client-server-iOS-app/Info.plist";
				LD_RUNPATH_SEARCH_PATHS = (
					"$(inherited)",
					"@executable_path/Frameworks",
				);
				PRODUCT_BUNDLE_IDENTIFIER = "HW.Client-server-iOS-app";
				PRODUCT_NAME = "$(TARGET_NAME)";
				SWIFT_VERSION = 5.0;
				TARGETED_DEVICE_FAMILY = "1,2";
			};
			name = Debug;
		};
		1167D951267B6757004ABDC7 /* Release */ = {
			isa = XCBuildConfiguration;
			buildSettings = {
				ASSETCATALOG_COMPILER_APPICON_NAME = AppIcon;
				ASSETCATALOG_COMPILER_GLOBAL_ACCENT_COLOR_NAME = AccentColor;
				CODE_SIGN_STYLE = Automatic;
				INFOPLIST_FILE = "Client-server-iOS-app/Info.plist";
				LD_RUNPATH_SEARCH_PATHS = (
					"$(inherited)",
					"@executable_path/Frameworks",
				);
				PRODUCT_BUNDLE_IDENTIFIER = "HW.Client-server-iOS-app";
				PRODUCT_NAME = "$(TARGET_NAME)";
				SWIFT_VERSION = 5.0;
				TARGETED_DEVICE_FAMILY = "1,2";
			};
			name = Release;
		};
/* End XCBuildConfiguration section */

/* Begin XCConfigurationList section */
		1167D936267B6755004ABDC7 /* Build configuration list for PBXProject "Client-server-iOS-app" */ = {
			isa = XCConfigurationList;
			buildConfigurations = (
				1167D94D267B6757004ABDC7 /* Debug */,
				1167D94E267B6757004ABDC7 /* Release */,
			);
			defaultConfigurationIsVisible = 0;
			defaultConfigurationName = Release;
		};
		1167D94F267B6757004ABDC7 /* Build configuration list for PBXNativeTarget "Client-server-iOS-app" */ = {
			isa = XCConfigurationList;
			buildConfigurations = (
				1167D950267B6757004ABDC7 /* Debug */,
				1167D951267B6757004ABDC7 /* Release */,
			);
			defaultConfigurationIsVisible = 0;
			defaultConfigurationName = Release;
		};
/* End XCConfigurationList section */
	};
	rootObject = 1167D933267B6755004ABDC7 /* Project object */;
}
